
Microsoft Visual Studio Solution File, Format Version 12.00
# Visual Studio Version 17
VisualStudioVersion = 17.4.33205.214
MinimumVisualStudioVersion = 10.0.40219.1
Project("{FAE04EC0-301F-11D3-BF4B-00C04F79EFBC}") = "MarketManagementSystem", "MarketManagementSystem.csproj", "{CC8BD24C-7B7D-4D30-A8BB-E63F2127A2CF}"
EndProject
Global
	GlobalSection(SolutionConfigurationPlatforms) = preSolution
		Debug|Any CPU = Debug|Any CPU
		Release|Any CPU = Release|Any CPU
	EndGlobalSection
	GlobalSection(ProjectConfigurationPlatforms) = postSolution
		{CC8BD24C-7B7D-4D30-A8BB-E63F2127A2CF}.Debug|Any CPU.ActiveCfg = Debug|Any CPU
		{CC8BD24C-7B7D-4D30-A8BB-E63F2127A2CF}.Debug|Any CPU.Build.0 = Debug|Any CPU
		{CC8BD24C-7B7D-4D30-A8BB-E63F2127A2CF}.Release|Any CPU.ActiveCfg = Release|Any CPU
		{CC8BD24C-7B7D-4D30-A8BB-E63F2127A2CF}.Release|Any CPU.Build.0 = Release|Any CPU
	EndGlobalSection
	GlobalSection(SolutionProperties) = preSolution
		HideSolutionNode = FALSE
	EndGlobalSection
	GlobalSection(ExtensibilityGlobals) = postSolution
		SolutionGuid = {97F30117-EB97-49E6-A60C-BC1FA835AD24}
	EndGlobalSection
EndGlobal
